
Microsoft Visual Studio Solution File, Format Version 12.00
# Visual Studio 14
VisualStudioVersion = 14.0.23107.0
MinimumVisualStudioVersion = 10.0.40219.1
Project("{FAE04EC0-301F-11D3-BF4B-00C04F79EFBC}") = "SerialPortNotifier", "SerialPortNotifier\SerialPortNotifier.csproj", "{775194B8-802E-46AC-9643-14D01C361977}"
EndProject
Global
	GlobalSection(SolutionConfigurationPlatforms) = preSolution
		Debug|Any CPU = Debug|Any CPU
		Release|Any CPU = Release|Any CPU
	EndGlobalSection
	GlobalSection(ProjectConfigurationPlatforms) = postSolution
		{775194B8-802E-46AC-9643-14D01C361977}.Debug|Any CPU.ActiveCfg = Debug|Any CPU
		{775194B8-802E-46AC-9643-14D01C361977}.Debug|Any CPU.Build.0 = Debug|Any CPU
		{775194B8-802E-46AC-9643-14D01C361977}.Release|Any CPU.ActiveCfg = Release|Any CPU
		{775194B8-802E-46AC-9643-14D01C361977}.Release|Any CPU.Build.0 = Release|Any CPU
	EndGlobalSection
	GlobalSection(SolutionProperties) = preSolution
		HideSolutionNode = FALSE
	EndGlobalSection
EndGlobal
